// !$*UTF8*$!
{
	archiveVersion = 1;
	classes = {
	};
	objectVersion = 56;
	objects = {

/* Begin PBXBuildFile section */
		F8173EFA2C9820BD00B9947B /* CurrencyExchangeApp.swift in Sources */ = {isa = PBXBuildFile; fileRef = F8173EF92C9820BD00B9947B /* CurrencyExchangeApp.swift */; };
		F8173EFC2C9820BD00B9947B /* ContentView.swift in Sources */ = {isa = PBXBuildFile; fileRef = F8173EFB2C9820BD00B9947B /* ContentView.swift */; };
		F8173EFE2C9820BE00B9947B /* Assets.xcassets in Resources */ = {isa = PBXBuildFile; fileRef = F8173EFD2C9820BE00B9947B /* Assets.xcassets */; };
		F8173F012C9820BE00B9947B /* Preview Assets.xcassets in Resources */ = {isa = PBXBuildFile; fileRef = F8173F002C9820BE00B9947B /* Preview Assets.xcassets */; };
		F8173F0B2C9820BE00B9947B /* CurrencyExchangeTests.swift in Sources */ = {isa = PBXBuildFile; fileRef = F8173F0A2C9820BE00B9947B /* CurrencyExchangeTests.swift */; };
		F8173F152C9820BE00B9947B /* CurrencyExchangeUITests.swift in Sources */ = {isa = PBXBuildFile; fileRef = F8173F142C9820BE00B9947B /* CurrencyExchangeUITests.swift */; };
		F8173F172C9820BE00B9947B /* CurrencyExchangeUITestsLaunchTests.swift in Sources */ = {isa = PBXBuildFile; fileRef = F8173F162C9820BE00B9947B /* CurrencyExchangeUITestsLaunchTests.swift */; };
/* End PBXBuildFile section */

/* Begin PBXContainerItemProxy section */
		F8173F072C9820BE00B9947B /* PBXContainerItemProxy */ = {
			isa = PBXContainerItemProxy;
			containerPortal = F8173EEE2C9820BD00B9947B /* Project object */;
			proxyType = 1;
			remoteGlobalIDString = F8173EF52C9820BD00B9947B;
			remoteInfo = CurrencyExchange;
		};
		F8173F112C9820BE00B9947B /* PBXContainerItemProxy */ = {
			isa = PBXContainerItemProxy;
			containerPortal = F8173EEE2C9820BD00B9947B /* Project object */;
			proxyType = 1;
			remoteGlobalIDString = F8173EF52C9820BD00B9947B;
			remoteInfo = CurrencyExchange;
		};
/* End PBXContainerItemProxy section */

/* Begin PBXFileReference section */
		F8173EF62C9820BD00B9947B /* CurrencyExchange.app */ = {isa = PBXFileReference; explicitFileType = wrapper.application; includeInIndex = 0; path = CurrencyExchange.app; sourceTree = BUILT_PRODUCTS_DIR; };
		F8173EF92C9820BD00B9947B /* CurrencyExchangeApp.swift */ = {isa = PBXFileReference; lastKnownFileType = sourcecode.swift; path = CurrencyExchangeApp.swift; sourceTree = "<group>"; };
		F8173EFB2C9820BD00B9947B /* ContentView.swift */ = {isa = PBXFileReference; lastKnownFileType = sourcecode.swift; path = ContentView.swift; sourceTree = "<group>"; };
		F8173EFD2C9820BE00B9947B /* Assets.xcassets */ = {isa = PBXFileReference; lastKnownFileType = folder.assetcatalog; path = Assets.xcassets; sourceTree = "<group>"; };
		F8173F002C9820BE00B9947B /* Preview Assets.xcassets */ = {isa = PBXFileReference; lastKnownFileType = folder.assetcatalog; path = "Preview Assets.xcassets"; sourceTree = "<group>"; };
		F8173F062C9820BE00B9947B /* CurrencyExchangeTests.xctest */ = {isa = PBXFileReference; explicitFileType = wrapper.cfbundle; includeInIndex = 0; path = CurrencyExchangeTests.xctest; sourceTree = BUILT_PRODUCTS_DIR; };
		F8173F0A2C9820BE00B9947B /* CurrencyExchangeTests.swift */ = {isa = PBXFileReference; lastKnownFileType = sourcecode.swift; path = CurrencyExchangeTests.swift; sourceTree = "<group>"; };
		F8173F102C9820BE00B9947B /* CurrencyExchangeUITests.xctest */ = {isa = PBXFileReference; explicitFileType = wrapper.cfbundle; includeInIndex = 0; path = CurrencyExchangeUITests.xctest; sourceTree = BUILT_PRODUCTS_DIR; };
		F8173F142C9820BE00B9947B /* CurrencyExchangeUITests.swift */ = {isa = PBXFileReference; lastKnownFileType = sourcecode.swift; path = CurrencyExchangeUITests.swift; sourceTree = "<group>"; };
		F8173F162C9820BE00B9947B /* CurrencyExchangeUITestsLaunchTests.swift */ = {isa = PBXFileReference; lastKnownFileType = sourcecode.swift; path = CurrencyExchangeUITestsLaunchTests.swift; sourceTree = "<group>"; };
/* End PBXFileReference section */

/* Begin PBXFrameworksBuildPhase section */
		F8173EF32C9820BD00B9947B /* Frameworks */ = {
			isa = PBXFrameworksBuildPhase;
			buildActionMask = 2147483647;
			files = (
			);
			runOnlyForDeploymentPostprocessing = 0;
		};
		F8173F032C9820BE00B9947B /* Frameworks */ = {
			isa = PBXFrameworksBuildPhase;
			buildActionMask = 2147483647;
			files = (
			);
			runOnlyForDeploymentPostprocessing = 0;
		};
		F8173F0D2C9820BE00B9947B /* Frameworks */ = {
			isa = PBXFrameworksBuildPhase;
			buildActionMask = 2147483647;
			files = (
			);
			runOnlyForDeploymentPostprocessing = 0;
		};
/* End PBXFrameworksBuildPhase section */

/* Begin PBXGroup section */
		F8173EED2C9820BD00B9947B = {
			isa = PBXGroup;
			children = (
				F8173EF82C9820BD00B9947B /* CurrencyExchange */,
				F8173F092C9820BE00B9947B /* CurrencyExchangeTests */,
				F8173F132C9820BE00B9947B /* CurrencyExchangeUITests */,
				F8173EF72C9820BD00B9947B /* Products */,
			);
			sourceTree = "<group>";
		};
		F8173EF72C9820BD00B9947B /* Products */ = {
			isa = PBXGroup;
			children = (
				F8173EF62C9820BD00B9947B /* CurrencyExchange.app */,
				F8173F062C9820BE00B9947B /* CurrencyExchangeTests.xctest */,
				F8173F102C9820BE00B9947B /* CurrencyExchangeUITests.xctest */,
			);
			name = Products;
			sourceTree = "<group>";
		};
		F8173EF82C9820BD00B9947B /* CurrencyExchange */ = {
			isa = PBXGroup;
			children = (
				F8173EF92C9820BD00B9947B /* CurrencyExchangeApp.swift */,
				F8173EFB2C9820BD00B9947B /* ContentView.swift */,
				F8173EFD2C9820BE00B9947B /* Assets.xcassets */,
				F8173EFF2C9820BE00B9947B /* Preview Content */,
			);
			path = CurrencyExchange;
			sourceTree = "<group>";
		};
		F8173EFF2C9820BE00B9947B /* Preview Content */ = {
			isa = PBXGroup;
			children = (
				F8173F002C9820BE00B9947B /* Preview Assets.xcassets */,
			);
			path = "Preview Content";
			sourceTree = "<group>";
		};
		F8173F092C9820BE00B9947B /* CurrencyExchangeTests */ = {
			isa = PBXGroup;
			children = (
				F8173F0A2C9820BE00B9947B /* CurrencyExchangeTests.swift */,
			);
			path = CurrencyExchangeTests;
			sourceTree = "<group>";
		};
		F8173F132C9820BE00B9947B /* CurrencyExchangeUITests */ = {
			isa = PBXGroup;
			children = (
				F8173F142C9820BE00B9947B /* CurrencyExchangeUITests.swift */,
				F8173F162C9820BE00B9947B /* CurrencyExchangeUITestsLaunchTests.swift */,
			);
			path = CurrencyExchangeUITests;
			sourceTree = "<group>";
		};
/* End PBXGroup section */

/* Begin PBXNativeTarget section */
		F8173EF52C9820BD00B9947B /* CurrencyExchange */ = {
			isa = PBXNativeTarget;
			buildConfigurationList = F8173F1A2C9820BE00B9947B /* Build configuration list for PBXNativeTarget "CurrencyExchange" */;
			buildPhases = (
				F8173EF22C9820BD00B9947B /* Sources */,
				F8173EF32C9820BD00B9947B /* Frameworks */,
				F8173EF42C9820BD00B9947B /* Resources */,
			);
			buildRules = (
			);
			dependencies = (
			);
			name = CurrencyExchange;
			productName = CurrencyExchange;
			productReference = F8173EF62C9820BD00B9947B /* CurrencyExchange.app */;
			productType = "com.apple.product-type.application";
		};
		F8173F052C9820BE00B9947B /* CurrencyExchangeTests */ = {
			isa = PBXNativeTarget;
			buildConfigurationList = F8173F1D2C9820BE00B9947B /* Build configuration list for PBXNativeTarget "CurrencyExchangeTests" */;
			buildPhases = (
				F8173F022C9820BE00B9947B /* Sources */,
				F8173F032C9820BE00B9947B /* Frameworks */,
				F8173F042C9820BE00B9947B /* Resources */,
			);
			buildRules = (
			);
			dependencies = (
				F8173F082C9820BE00B9947B /* PBXTargetDependency */,
			);
			name = CurrencyExchangeTests;
			productName = CurrencyExchangeTests;
			productReference = F8173F062C9820BE00B9947B /* CurrencyExchangeTests.xctest */;
			productType = "com.apple.product-type.bundle.unit-test";
		};
		F8173F0F2C9820BE00B9947B /* CurrencyExchangeUITests */ = {
			isa = PBXNativeTarget;
			buildConfigurationList = F8173F202C9820BE00B9947B /* Build configuration list for PBXNativeTarget "CurrencyExchangeUITests" */;
			buildPhases = (
				F8173F0C2C9820BE00B9947B /* Sources */,
				F8173F0D2C9820BE00B9947B /* Frameworks */,
				F8173F0E2C9820BE00B9947B /* Resources */,
			);
			buildRules = (
			);
			dependencies = (
				F8173F122C9820BE00B9947B /* PBXTargetDependency */,
			);
			name = CurrencyExchangeUITests;
			productName = CurrencyExchangeUITests;
			productReference = F8173F102C9820BE00B9947B /* CurrencyExchangeUITests.xctest */;
			productType = "com.apple.product-type.bundle.ui-testing";
		};
/* End PBXNativeTarget section */

/* Begin PBXProject section */
		F8173EEE2C9820BD00B9947B /* Project object */ = {
			isa = PBXProject;
			attributes = {
				BuildIndependentTargetsInParallel = 1;
				LastSwiftUpdateCheck = 1540;
				LastUpgradeCheck = 1540;
				TargetAttributes = {
					F8173EF52C9820BD00B9947B = {
						CreatedOnToolsVersion = 15.4;
					};
					F8173F052C9820BE00B9947B = {
						CreatedOnToolsVersion = 15.4;
						TestTargetID = F8173EF52C9820BD00B9947B;
					};
					F8173F0F2C9820BE00B9947B = {
						CreatedOnToolsVersion = 15.4;
						TestTargetID = F8173EF52C9820BD00B9947B;
					};
				};
			};
			buildConfigurationList = F8173EF12C9820BD00B9947B /* Build configuration list for PBXProject "CurrencyExchange" */;
			compatibilityVersion = "Xcode 14.0";
			developmentRegion = en;
			hasScannedForEncodings = 0;
			knownRegions = (
				en,
				Base,
			);
			mainGroup = F8173EED2C9820BD00B9947B;
			productRefGroup = F8173EF72C9820BD00B9947B /* Products */;
			projectDirPath = "";
			projectRoot = "";
			targets = (
				F8173EF52C9820BD00B9947B /* CurrencyExchange */,
				F8173F052C9820BE00B9947B /* CurrencyExchangeTests */,
				F8173F0F2C9820BE00B9947B /* CurrencyExchangeUITests */,
			);
		};
/* End PBXProject section */

/* Begin PBXResourcesBuildPhase section */
		F8173EF42C9820BD00B9947B /* Resources */ = {
			isa = PBXResourcesBuildPhase;
			buildActionMask = 2147483647;
			files = (
				F8173F012C9820BE00B9947B /* Preview Assets.xcassets in Resources */,
				F8173EFE2C9820BE00B9947B /* Assets.xcassets in Resources */,
			);
			runOnlyForDeploymentPostprocessing = 0;
		};
		F8173F042C9820BE00B9947B /* Resources */ = {
			isa = PBXResourcesBuildPhase;
			buildActionMask = 2147483647;
			files = (
			);
			runOnlyForDeploymentPostprocessing = 0;
		};
		F8173F0E2C9820BE00B9947B /* Resources */ = {
			isa = PBXResourcesBuildPhase;
			buildActionMask = 2147483647;
			files = (
			);
			runOnlyForDeploymentPostprocessing = 0;
		};
/* End PBXResourcesBuildPhase section */

/* Begin PBXSourcesBuildPhase section */
		F8173EF22C9820BD00B9947B /* Sources */ = {
			isa = PBXSourcesBuildPhase;
			buildActionMask = 2147483647;
			files = (
				F8173EFC2C9820BD00B9947B /* ContentView.swift in Sources */,
				F8173EFA2C9820BD00B9947B /* CurrencyExchangeApp.swift in Sources */,
			);
			runOnlyForDeploymentPostprocessing = 0;
		};
		F8173F022C9820BE00B9947B /* Sources */ = {
			isa = PBXSourcesBuildPhase;
			buildActionMask = 2147483647;
			files = (
				F8173F0B2C9820BE00B9947B /* CurrencyExchangeTests.swift in Sources */,
			);
			runOnlyForDeploymentPostprocessing = 0;
		};
		F8173F0C2C9820BE00B9947B /* Sources */ = {
			isa = PBXSourcesBuildPhase;
			buildActionMask = 2147483647;
			files = (
				F8173F172C9820BE00B9947B /* CurrencyExchangeUITestsLaunchTests.swift in Sources */,
				F8173F152C9820BE00B9947B /* CurrencyExchangeUITests.swift in Sources */,
			);
			runOnlyForDeploymentPostprocessing = 0;
		};
/* End PBXSourcesBuildPhase section */

/* Begin PBXTargetDependency section */
		F8173F082C9820BE00B9947B /* PBXTargetDependency */ = {
			isa = PBXTargetDependency;
			target = F8173EF52C9820BD00B9947B /* CurrencyExchange */;
			targetProxy = F8173F072C9820BE00B9947B /* PBXContainerItemProxy */;
		};
		F8173F122C9820BE00B9947B /* PBXTargetDependency */ = {
			isa = PBXTargetDependency;
			target = F8173EF52C9820BD00B9947B /* CurrencyExchange */;
			targetProxy = F8173F112C9820BE00B9947B /* PBXContainerItemProxy */;
		};
/* End PBXTargetDependency section */

/* Begin XCBuildConfiguration section */
		F8173F182C9820BE00B9947B /* Debug */ = {
			isa = XCBuildConfiguration;
			buildSettings = {
				ALWAYS_SEARCH_USER_PATHS = NO;
				ASSETCATALOG_COMPILER_GENERATE_SWIFT_ASSET_SYMBOL_EXTENSIONS = YES;
				CLANG_ANALYZER_NONNULL = YES;
				CLANG_ANALYZER_NUMBER_OBJECT_CONVERSION = YES_AGGRESSIVE;
				CLANG_CXX_LANGUAGE_STANDARD = "gnu++20";
				CLANG_ENABLE_MODULES = YES;
				CLANG_ENABLE_OBJC_ARC = YES;
				CLANG_ENABLE_OBJC_WEAK = YES;
				CLANG_WARN_BLOCK_CAPTURE_AUTORELEASING = YES;
				CLANG_WARN_BOOL_CONVERSION = YES;
				CLANG_WARN_COMMA = YES;
				CLANG_WARN_CONSTANT_CONVERSION = YES;
				CLANG_WARN_DEPRECATED_OBJC_IMPLEMENTATIONS = YES;
				CLANG_WARN_DIRECT_OBJC_ISA_USAGE = YES_ERROR;
				CLANG_WARN_DOCUMENTATION_COMMENTS = YES;
				CLANG_WARN_EMPTY_BODY = YES;
				CLANG_WARN_ENUM_CONVERSION = YES;
				CLANG_WARN_INFINITE_RECURSION = YES;
				CLANG_WARN_INT_CONVERSION = YES;
				CLANG_WARN_NON_LITERAL_NULL_CONVERSION = YES;
				CLANG_WARN_OBJC_IMPLICIT_RETAIN_SELF = YES;
				CLANG_WARN_OBJC_LITERAL_CONVERSION = YES;
				CLANG_WARN_OBJC_ROOT_CLASS = YES_ERROR;
				CLANG_WARN_QUOTED_INCLUDE_IN_FRAMEWORK_HEADER = YES;
				CLANG_WARN_RANGE_LOOP_ANALYSIS = YES;
				CLANG_WARN_STRICT_PROTOTYPES = YES;
				CLANG_WARN_SUSPICIOUS_MOVE = YES;
				CLANG_WARN_UNGUARDED_AVAILABILITY = YES_AGGRESSIVE;
				CLANG_WARN_UNREACHABLE_CODE = YES;
				CLANG_WARN__DUPLICATE_METHOD_MATCH = YES;
				COPY_PHASE_STRIP = NO;
				DEBUG_INFORMATION_FORMAT = dwarf;
				ENABLE_STRICT_OBJC_MSGSEND = YES;
				ENABLE_TESTABILITY = YES;
				ENABLE_USER_SCRIPT_SANDBOXING = YES;
				GCC_C_LANGUAGE_STANDARD = gnu17;
				GCC_DYNAMIC_NO_PIC = NO;
				GCC_NO_COMMON_BLOCKS = YES;
				GCC_OPTIMIZATION_LEVEL = 0;
				GCC_PREPROCESSOR_DEFINITIONS = (
					"DEBUG=1",
					"$(inherited)",
				);
				GCC_WARN_64_TO_32_BIT_CONVERSION = YES;
				GCC_WARN_ABOUT_RETURN_TYPE = YES_ERROR;
				GCC_WARN_UNDECLARED_SELECTOR = YES;
				GCC_WARN_UNINITIALIZED_AUTOS = YES_AGGRESSIVE;
				GCC_WARN_UNUSED_FUNCTION = YES;
				GCC_WARN_UNUSED_VARIABLE = YES;
				IPHONEOS_DEPLOYMENT_TARGET = 17.5;
				LOCALIZATION_PREFERS_STRING_CATALOGS = YES;
				MTL_ENABLE_DEBUG_INFO = INCLUDE_SOURCE;
				MTL_FAST_MATH = YES;
				ONLY_ACTIVE_ARCH = YES;
				SDKROOT = iphoneos;
				SWIFT_ACTIVE_COMPILATION_CONDITIONS = "DEBUG $(inherited)";
				SWIFT_OPTIMIZATION_LEVEL = "-Onone";
			};
			name = Debug;
		};
		F8173F192C9820BE00B9947B /* Release */ = {
			isa = XCBuildConfiguration;
			buildSettings = {
				ALWAYS_SEARCH_USER_PATHS = NO;
				ASSETCATALOG_COMPILER_GENERATE_SWIFT_ASSET_SYMBOL_EXTENSIONS = YES;
				CLANG_ANALYZER_NONNULL = YES;
				CLANG_ANALYZER_NUMBER_OBJECT_CONVERSION = YES_AGGRESSIVE;
				CLANG_CXX_LANGUAGE_STANDARD = "gnu++20";
				CLANG_ENABLE_MODULES = YES;
				CLANG_ENABLE_OBJC_ARC = YES;
				CLANG_ENABLE_OBJC_WEAK = YES;
				CLANG_WARN_BLOCK_CAPTURE_AUTORELEASING = YES;
				CLANG_WARN_BOOL_CONVERSION = YES;
				CLANG_WARN_COMMA = YES;
				CLANG_WARN_CONSTANT_CONVERSION = YES;
				CLANG_WARN_DEPRECATED_OBJC_IMPLEMENTATIONS = YES;
				CLANG_WARN_DIRECT_OBJC_ISA_USAGE = YES_ERROR;
				CLANG_WARN_DOCUMENTATION_COMMENTS = YES;
				CLANG_WARN_EMPTY_BODY = YES;
				CLANG_WARN_ENUM_CONVERSION = YES;
				CLANG_WARN_INFINITE_RECURSION = YES;
				CLANG_WARN_INT_CONVERSION = YES;
				CLANG_WARN_NON_LITERAL_NULL_CONVERSION = YES;
				CLANG_WARN_OBJC_IMPLICIT_RETAIN_SELF = YES;
				CLANG_WARN_OBJC_LITERAL_CONVERSION = YES;
				CLANG_WARN_OBJC_ROOT_CLASS = YES_ERROR;
				CLANG_WARN_QUOTED_INCLUDE_IN_FRAMEWORK_HEADER = YES;
				CLANG_WARN_RANGE_LOOP_ANALYSIS = YES;
				CLANG_WARN_STRICT_PROTOTYPES = YES;
				CLANG_WARN_SUSPICIOUS_MOVE = YES;
				CLANG_WARN_UNGUARDED_AVAILABILITY = YES_AGGRESSIVE;
				CLANG_WARN_UNREACHABLE_CODE = YES;
				CLANG_WARN__DUPLICATE_METHOD_MATCH = YES;
				COPY_PHASE_STRIP = NO;
				DEBUG_INFORMATION_FORMAT = "dwarf-with-dsym";
				ENABLE_NS_ASSERTIONS = NO;
				ENABLE_STRICT_OBJC_MSGSEND = YES;
				ENABLE_USER_SCRIPT_SANDBOXING = YES;
				GCC_C_LANGUAGE_STANDARD = gnu17;
				GCC_NO_COMMON_BLOCKS = YES;
				GCC_WARN_64_TO_32_BIT_CONVERSION = YES;
				GCC_WARN_ABOUT_RETURN_TYPE = YES_ERROR;
				GCC_WARN_UNDECLARED_SELECTOR = YES;
				GCC_WARN_UNINITIALIZED_AUTOS = YES_AGGRESSIVE;
				GCC_WARN_UNUSED_FUNCTION = YES;
				GCC_WARN_UNUSED_VARIABLE = YES;
				IPHONEOS_DEPLOYMENT_TARGET = 17.5;
				LOCALIZATION_PREFERS_STRING_CATALOGS = YES;
				MTL_ENABLE_DEBUG_INFO = NO;
				MTL_FAST_MATH = YES;
				SDKROOT = iphoneos;
				SWIFT_COMPILATION_MODE = wholemodule;
				VALIDATE_PRODUCT = YES;
			};
			name = Release;
		};
		F8173F1B2C9820BE00B9947B /* Debug */ = {
			isa = XCBuildConfiguration;
			buildSettings = {
				ASSETCATALOG_COMPILER_APPICON_NAME = AppIcon;
				ASSETCATALOG_COMPILER_GLOBAL_ACCENT_COLOR_NAME = AccentColor;
				CODE_SIGN_STYLE = Automatic;
				CURRENT_PROJECT_VERSION = 1;
				DEVELOPMENT_ASSET_PATHS = "\"CurrencyExchange/Preview Content\"";
				ENABLE_PREVIEWS = YES;
				GENERATE_INFOPLIST_FILE = YES;
				INFOPLIST_KEY_UIApplicationSceneManifest_Generation = YES;
				INFOPLIST_KEY_UIApplicationSupportsIndirectInputEvents = YES;
				INFOPLIST_KEY_UILaunchScreen_Generation = YES;
				INFOPLIST_KEY_UISupportedInterfaceOrientations_iPad = "UIInterfaceOrientationPortrait UIInterfaceOrientationPortraitUpsideDown UIInterfaceOrientationLandscapeLeft UIInterfaceOrientationLandscapeRight";
				INFOPLIST_KEY_UISupportedInterfaceOrientations_iPhone = "UIInterfaceOrientationPortrait UIInterfaceOrientationLandscapeLeft UIInterfaceOrientationLandscapeRight";
				LD_RUNPATH_SEARCH_PATHS = (
					"$(inherited)",
					"@executable_path/Frameworks",
				);
				MARKETING_VERSION = 1.0;
				PRODUCT_BUNDLE_IDENTIFIER = com.mk.CurrencyExchange;
				PRODUCT_NAME = "$(TARGET_NAME)";
				SWIFT_EMIT_LOC_STRINGS = YES;
				SWIFT_VERSION = 5.0;
				TARGETED_DEVICE_FAMILY = "1,2";
			};
			name = Debug;
		};
		F8173F1C2C9820BE00B9947B /* Release */ = {
			isa = XCBuildConfiguration;
			buildSettings = {
				ASSETCATALOG_COMPILER_APPICON_NAME = AppIcon;
				ASSETCATALOG_COMPILER_GLOBAL_ACCENT_COLOR_NAME = AccentColor;
				CODE_SIGN_STYLE = Automatic;
				CURRENT_PROJECT_VERSION = 1;
				DEVELOPMENT_ASSET_PATHS = "\"CurrencyExchange/Preview Content\"";
				ENABLE_PREVIEWS = YES;
				GENERATE_INFOPLIST_FILE = YES;
				INFOPLIST_KEY_UIApplicationSceneManifest_Generation = YES;
				INFOPLIST_KEY_UIApplicationSupportsIndirectInputEvents = YES;
				INFOPLIST_KEY_UILaunchScreen_Generation = YES;
				INFOPLIST_KEY_UISupportedInterfaceOrientations_iPad = "UIInterfaceOrientationPortrait UIInterfaceOrientationPortraitUpsideDown UIInterfaceOrientationLandscapeLeft UIInterfaceOrientationLandscapeRight";
				INFOPLIST_KEY_UISupportedInterfaceOrientations_iPhone = "UIInterfaceOrientationPortrait UIInterfaceOrientationLandscapeLeft UIInterfaceOrientationLandscapeRight";
				LD_RUNPATH_SEARCH_PATHS = (
					"$(inherited)",
					"@executable_path/Frameworks",
				);
				MARKETING_VERSION = 1.0;
				PRODUCT_BUNDLE_IDENTIFIER = com.mk.CurrencyExchange;
				PRODUCT_NAME = "$(TARGET_NAME)";
				SWIFT_EMIT_LOC_STRINGS = YES;
				SWIFT_VERSION = 5.0;
				TARGETED_DEVICE_FAMILY = "1,2";
			};
			name = Release;
		};
		F8173F1E2C9820BE00B9947B /* Debug */ = {
			isa = XCBuildConfiguration;
			buildSettings = {
				ALWAYS_EMBED_SWIFT_STANDARD_LIBRARIES = YES;
				BUNDLE_LOADER = "$(TEST_HOST)";
				CODE_SIGN_STYLE = Automatic;
				CURRENT_PROJECT_VERSION = 1;
				GENERATE_INFOPLIST_FILE = YES;
				IPHONEOS_DEPLOYMENT_TARGET = 17.5;
				MARKETING_VERSION = 1.0;
				PRODUCT_BUNDLE_IDENTIFIER = com.mk.CurrencyExchangeTests;
				PRODUCT_NAME = "$(TARGET_NAME)";
				SWIFT_EMIT_LOC_STRINGS = NO;
				SWIFT_VERSION = 5.0;
				TARGETED_DEVICE_FAMILY = "1,2";
				TEST_HOST = "$(BUILT_PRODUCTS_DIR)/CurrencyExchange.app/$(BUNDLE_EXECUTABLE_FOLDER_PATH)/CurrencyExchange";
			};
			name = Debug;
		};
		F8173F1F2C9820BE00B9947B /* Release */ = {
			isa = XCBuildConfiguration;
			buildSettings = {
				ALWAYS_EMBED_SWIFT_STANDARD_LIBRARIES = YES;
				BUNDLE_LOADER = "$(TEST_HOST)";
				CODE_SIGN_STYLE = Automatic;
				CURRENT_PROJECT_VERSION = 1;
				GENERATE_INFOPLIST_FILE = YES;
				IPHONEOS_DEPLOYMENT_TARGET = 17.5;
				MARKETING_VERSION = 1.0;
				PRODUCT_BUNDLE_IDENTIFIER = com.mk.CurrencyExchangeTests;
				PRODUCT_NAME = "$(TARGET_NAME)";
				SWIFT_EMIT_LOC_STRINGS = NO;
				SWIFT_VERSION = 5.0;
				TARGETED_DEVICE_FAMILY = "1,2";
				TEST_HOST = "$(BUILT_PRODUCTS_DIR)/CurrencyExchange.app/$(BUNDLE_EXECUTABLE_FOLDER_PATH)/CurrencyExchange";
			};
			name = Release;
		};
		F8173F212C9820BE00B9947B /* Debug */ = {
			isa = XCBuildConfiguration;
			buildSettings = {
				ALWAYS_EMBED_SWIFT_STANDARD_LIBRARIES = YES;
				CODE_SIGN_STYLE = Automatic;
				CURRENT_PROJECT_VERSION = 1;
				GENERATE_INFOPLIST_FILE = YES;
				MARKETING_VERSION = 1.0;
				PRODUCT_BUNDLE_IDENTIFIER = com.mk.CurrencyExchangeUITests;
				PRODUCT_NAME = "$(TARGET_NAME)";
				SWIFT_EMIT_LOC_STRINGS = NO;
				SWIFT_VERSION = 5.0;
				TARGETED_DEVICE_FAMILY = "1,2";
				TEST_TARGET_NAME = CurrencyExchange;
			};
			name = Debug;
		};
		F8173F222C9820BE00B9947B /* Release */ = {
			isa = XCBuildConfiguration;
			buildSettings = {
				ALWAYS_EMBED_SWIFT_STANDARD_LIBRARIES = YES;
				CODE_SIGN_STYLE = Automatic;
				CURRENT_PROJECT_VERSION = 1;
				GENERATE_INFOPLIST_FILE = YES;
				MARKETING_VERSION = 1.0;
				PRODUCT_BUNDLE_IDENTIFIER = com.mk.CurrencyExchangeUITests;
				PRODUCT_NAME = "$(TARGET_NAME)";
				SWIFT_EMIT_LOC_STRINGS = NO;
				SWIFT_VERSION = 5.0;
				TARGETED_DEVICE_FAMILY = "1,2";
				TEST_TARGET_NAME = CurrencyExchange;
			};
			name = Release;
		};
/* End XCBuildConfiguration section */

/* Begin XCConfigurationList section */
		F8173EF12C9820BD00B9947B /* Build configuration list for PBXProject "CurrencyExchange" */ = {
			isa = XCConfigurationList;
			buildConfigurations = (
				F8173F182C9820BE00B9947B /* Debug */,
				F8173F192C9820BE00B9947B /* Release */,
			);
			defaultConfigurationIsVisible = 0;
			defaultConfigurationName = Release;
		};
		F8173F1A2C9820BE00B9947B /* Build configuration list for PBXNativeTarget "CurrencyExchange" */ = {
			isa = XCConfigurationList;
			buildConfigurations = (
				F8173F1B2C9820BE00B9947B /* Debug */,
				F8173F1C2C9820BE00B9947B /* Release */,
			);
			defaultConfigurationIsVisible = 0;
			defaultConfigurationName = Release;
		};
		F8173F1D2C9820BE00B9947B /* Build configuration list for PBXNativeTarget "CurrencyExchangeTests" */ = {
			isa = XCConfigurationList;
			buildConfigurations = (
				F8173F1E2C9820BE00B9947B /* Debug */,
				F8173F1F2C9820BE00B9947B /* Release */,
			);
			defaultConfigurationIsVisible = 0;
			defaultConfigurationName = Release;
		};
		F8173F202C9820BE00B9947B /* Build configuration list for PBXNativeTarget "CurrencyExchangeUITests" */ = {
			isa = XCConfigurationList;
			buildConfigurations = (
				F8173F212C9820BE00B9947B /* Debug */,
				F8173F222C9820BE00B9947B /* Release */,
			);
			defaultConfigurationIsVisible = 0;
			defaultConfigurationName = Release;
		};
/* End XCConfigurationList section */
	};
	rootObject = F8173EEE2C9820BD00B9947B /* Project object */;
}
